{
  "version": 4,
  "terraform_version": "1.5.6",
  "serial": 20,
  "lineage": "9f77ac76-4084-f3bd-520f-53ab016285ec",
  "outputs": {
    "CloudfrontFrontendUrl": {
      "value": "d3iotiaif3mjqy.cloudfront.net",
      "type": "string"
    }
  },
  "resources": [
    {
      "mode": "data",
      "type": "aws_iam_policy_document",
      "name": "cloudfrontaccesstos3",
      "provider": "provider[\"registry.terraform.io/hashicorp/aws\"]",
      "instances": [
        {
          "schema_version": 0,
          "attributes": {
            "id": "2258388930",
            "json": "{\n  \"Version\": \"2008-10-17\",\n  \"Statement\": [\n    {\n      \"Sid\": \"AllowCloudFrontServicePrincipal\",\n      \"Effect\": \"Allow\",\n      \"Action\": \"s3:GetObject\",\n      \"Resource\": \"arn:aws:s3:::shishapangma-front-end/*\",\n      \"Principal\": {\n        \"Service\": \"cloudfront.amazonaws.com\"\n      },\n      \"Condition\": {\n        \"StringEquals\": {\n          \"AWS:SourceArn\": \"arn:aws:cloudfront::225564160339:distribution/E2TNF0RFJ4YCA2\"\n        }\n      }\n    }\n  ]\n}",
            "override_policy_documents": null,
            "policy_id": null,
            "source_policy_documents": null,
            "statement": [
              {
                "actions": [
                  "s3:GetObject"
                ],
                "condition": [
                  {
                    "test": "StringEquals",
                    "values": [
                      "arn:aws:cloudfront::225564160339:distribution/E2TNF0RFJ4YCA2"
                    ],
                    "variable": "AWS:SourceArn"
                  }
                ],
                "effect": "Allow",
                "not_actions": [],
                "not_principals": [],
                "not_resources": [],
                "principals": [
                  {
                    "identifiers": [
                      "cloudfront.amazonaws.com"
                    ],
                    "type": "Service"
                  }
                ],
                "resources": [
                  "arn:aws:s3:::shishapangma-front-end/*"
                ],
                "sid": "AllowCloudFrontServicePrincipal"
              }
            ],
            "version": "2008-10-17"
          },
          "sensitive_attributes": []
        }
      ]
    },
    {
      "mode": "managed",
      "type": "aws_cloudfront_distribution",
      "name": "cloudfront",
      "provider": "provider[\"registry.terraform.io/hashicorp/aws\"]",
      "instances": [
        {
          "schema_version": 1,
          "attributes": {
            "aliases": null,
            "arn": "arn:aws:cloudfront::225564160339:distribution/E2TNF0RFJ4YCA2",
            "caller_reference": "terraform-20231024222524356400000001",
            "comment": "Created using terraform",
            "continuous_deployment_policy_id": "",
            "custom_error_response": [
              {
                "error_caching_min_ttl": null,
                "error_code": 403,
                "response_code": 200,
                "response_page_path": "/index.html"
              }
            ],
            "default_cache_behavior": [
              {
                "allowed_methods": [
                  "GET",
                  "HEAD"
                ],
                "cache_policy_id": "",
                "cached_methods": [
                  "GET",
                  "HEAD"
                ],
                "compress": true,
                "default_ttl": 0,
                "field_level_encryption_id": "",
                "forwarded_values": [
                  {
                    "cookies": [
                      {
                        "forward": "none",
                        "whitelisted_names": []
                      }
                    ],
                    "headers": [],
                    "query_string": false,
                    "query_string_cache_keys": []
                  }
                ],
                "function_association": [],
                "lambda_function_association": [],
                "max_ttl": 0,
                "min_ttl": 0,
                "origin_request_policy_id": "",
                "realtime_log_config_arn": "",
                "response_headers_policy_id": "",
                "smooth_streaming": false,
                "target_origin_id": "s3_origin",
                "trusted_key_groups": [],
                "trusted_signers": [],
                "viewer_protocol_policy": "allow-all"
              }
            ],
            "default_root_object": "index.html",
            "domain_name": "d3iotiaif3mjqy.cloudfront.net",
            "enabled": true,
            "etag": "E2NKTZ5K8WEV5B",
            "hosted_zone_id": "Z2FDTNDATAQYW2",
            "http_version": "http2",
            "id": "E2TNF0RFJ4YCA2",
            "in_progress_validation_batches": 0,
            "is_ipv6_enabled": false,
            "last_modified_time": "2023-10-24 22:25:24.829 +0000 UTC",
            "logging_config": [],
            "ordered_cache_behavior": [],
            "origin": [
              {
                "connection_attempts": 3,
                "connection_timeout": 10,
                "custom_header": [],
                "custom_origin_config": [],
                "domain_name": "shishapangma-front-end.s3.us-east-1.amazonaws.com",
                "origin_access_control_id": "E22VSUW6GIKGP0",
                "origin_id": "s3_origin",
                "origin_path": "",
                "origin_shield": [],
                "s3_origin_config": []
              }
            ],
            "origin_group": [],
            "price_class": "PriceClass_All",
            "restrictions": [
              {
                "geo_restriction": [
                  {
                    "locations": [],
                    "restriction_type": "none"
                  }
                ]
              }
            ],
            "retain_on_delete": false,
            "staging": false,
            "status": "Deployed",
            "tags": null,
            "tags_all": {},
            "trusted_key_groups": [
              {
                "enabled": false,
                "items": []
              }
            ],
            "trusted_signers": [
              {
                "enabled": false,
                "items": []
              }
            ],
            "viewer_certificate": [
              {
                "acm_certificate_arn": "",
                "cloudfront_default_certificate": true,
                "iam_certificate_id": "",
                "minimum_protocol_version": "TLSv1",
                "ssl_support_method": ""
              }
            ],
            "wait_for_deployment": true,
            "web_acl_id": ""
          },
          "sensitive_attributes": [],
          "private": "eyJzY2hlbWFfdmVyc2lvbiI6IjEifQ==",
          "dependencies": [
            "aws_cloudfront_origin_access_control.OAC",
            "aws_s3_bucket.s3_bucket"
          ]
        }
      ]
    },
    {
      "mode": "managed",
      "type": "aws_cloudfront_origin_access_control",
      "name": "OAC",
      "provider": "provider[\"registry.terraform.io/hashicorp/aws\"]",
      "instances": [
        {
          "schema_version": 0,
          "attributes": {
            "description": "Managed by Terraform",
            "etag": "ETVPDKIKX0DER",
            "id": "E22VSUW6GIKGP0",
            "name": "s3_access_control",
            "origin_access_control_origin_type": "s3",
            "signing_behavior": "always",
            "signing_protocol": "sigv4"
          },
          "sensitive_attributes": [],
          "private": "bnVsbA=="
        }
      ]
    },
    {
      "mode": "managed",
      "type": "aws_s3_bucket",
      "name": "s3_bucket",
      "provider": "provider[\"registry.terraform.io/hashicorp/aws\"]",
      "instances": [
        {
          "schema_version": 0,
          "attributes": {
            "acceleration_status": "",
            "acl": null,
            "arn": "arn:aws:s3:::shishapangma-front-end",
            "bucket": "shishapangma-front-end",
            "bucket_domain_name": "shishapangma-front-end.s3.amazonaws.com",
            "bucket_prefix": "",
            "bucket_regional_domain_name": "shishapangma-front-end.s3.us-east-1.amazonaws.com",
            "cors_rule": [],
            "force_destroy": false,
            "grant": [
              {
                "id": "c19ff4ee734c2886e890fe5b3c5cdfa4d16dd2dd7d9003f8b941041732b8b6aa",
                "permissions": [
                  "FULL_CONTROL"
                ],
                "type": "CanonicalUser",
                "uri": ""
              }
            ],
            "hosted_zone_id": "Z3AQBSTGFYJSTF",
            "id": "shishapangma-front-end",
            "lifecycle_rule": [],
            "logging": [],
            "object_lock_configuration": [],
            "object_lock_enabled": false,
            "policy": "",
            "region": "us-east-1",
            "replication_configuration": [],
            "request_payer": "BucketOwner",
            "server_side_encryption_configuration": [
              {
                "rule": [
                  {
                    "apply_server_side_encryption_by_default": [
                      {
                        "kms_master_key_id": "",
                        "sse_algorithm": "AES256"
                      }
                    ],
                    "bucket_key_enabled": false
                  }
                ]
              }
            ],
            "tags": null,
            "tags_all": {},
            "timeouts": null,
            "versioning": [
              {
                "enabled": false,
                "mfa_delete": false
              }
            ],
            "website": [],
            "website_domain": null,
            "website_endpoint": null
          },
          "sensitive_attributes": [],
          "private": "eyJlMmJmYjczMC1lY2FhLTExZTYtOGY4OC0zNDM2M2JjN2M0YzAiOnsiY3JlYXRlIjoxMjAwMDAwMDAwMDAwLCJkZWxldGUiOjM2MDAwMDAwMDAwMDAsInJlYWQiOjEyMDAwMDAwMDAwMDAsInVwZGF0ZSI6MTIwMDAwMDAwMDAwMH19"
        }
      ]
    },
    {
      "mode": "managed",
      "type": "aws_s3_bucket_policy",
      "name": "cloudfront_policy",
      "provider": "provider[\"registry.terraform.io/hashicorp/aws\"]",
      "instances": [
        {
          "schema_version": 0,
          "attributes": {
            "bucket": "shishapangma-front-end",
            "id": "shishapangma-front-end",
            "policy": "{\"Statement\":[{\"Action\":\"s3:GetObject\",\"Condition\":{\"StringEquals\":{\"AWS:SourceArn\":\"arn:aws:cloudfront::225564160339:distribution/E2TNF0RFJ4YCA2\"}},\"Effect\":\"Allow\",\"Principal\":{\"Service\":\"cloudfront.amazonaws.com\"},\"Resource\":\"arn:aws:s3:::shishapangma-front-end/*\",\"Sid\":\"AllowCloudFrontServicePrincipal\"}],\"Version\":\"2008-10-17\"}"
          },
          "sensitive_attributes": [],
          "private": "bnVsbA==",
          "dependencies": [
            "aws_cloudfront_distribution.cloudfront",
            "aws_cloudfront_origin_access_control.OAC",
            "aws_s3_bucket.s3_bucket",
            "data.aws_iam_policy_document.cloudfrontaccesstos3"
          ]
        }
      ]
    },
    {
      "mode": "managed",
      "type": "aws_s3_object",
      "name": "objects",
      "provider": "provider[\"registry.terraform.io/hashicorp/aws\"]",
      "instances": [
        {
          "index_key": "asset-manifest.json",
          "schema_version": 0,
          "attributes": {
            "acl": null,
            "bucket": "shishapangma-front-end",
            "bucket_key_enabled": false,
            "cache_control": "",
            "content": null,
            "content_base64": null,
            "content_disposition": "",
            "content_encoding": "",
            "content_language": "",
            "content_type": "application/json",
            "etag": "ec4a872b8048b91e7892cb51bcbd801e",
            "force_destroy": false,
            "id": "asset-manifest.json",
            "key": "asset-manifest.json",
            "kms_key_id": null,
            "metadata": null,
            "object_lock_legal_hold_status": "",
            "object_lock_mode": "",
            "object_lock_retain_until_date": "",
            "server_side_encryption": "AES256",
            "source": "build/asset-manifest.json",
            "source_hash": null,
            "storage_class": "STANDARD",
            "tags": null,
            "tags_all": {},
            "version_id": "",
            "website_redirect": ""
          },
          "sensitive_attributes": [],
          "private": "bnVsbA==",
          "dependencies": [
            "aws_s3_bucket.s3_bucket"
          ]
        },
        {
          "index_key": "favicon.ico",
          "schema_version": 0,
          "attributes": {
            "acl": null,
            "bucket": "shishapangma-front-end",
            "bucket_key_enabled": false,
            "cache_control": "",
            "content": null,
            "content_base64": null,
            "content_disposition": "",
            "content_encoding": "",
            "content_language": "",
            "content_type": "image/vnd.microsoft.icon",
            "etag": "c92b85a5b907c70211f4ec25e29a8c4a",
            "force_destroy": false,
            "id": "favicon.ico",
            "key": "favicon.ico",
            "kms_key_id": null,
            "metadata": null,
            "object_lock_legal_hold_status": "",
            "object_lock_mode": "",
            "object_lock_retain_until_date": "",
            "server_side_encryption": "AES256",
            "source": "build/favicon.ico",
            "source_hash": null,
            "storage_class": "STANDARD",
            "tags": null,
            "tags_all": {},
            "version_id": "",
            "website_redirect": ""
          },
          "sensitive_attributes": [],
          "private": "bnVsbA==",
          "dependencies": [
            "aws_s3_bucket.s3_bucket"
          ]
        },
        {
          "index_key": "index.html",
          "schema_version": 0,
          "attributes": {
            "acl": null,
            "bucket": "shishapangma-front-end",
            "bucket_key_enabled": false,
            "cache_control": "",
            "content": null,
            "content_base64": null,
            "content_disposition": "",
            "content_encoding": "",
            "content_language": "",
            "content_type": "text/html; charset=utf-8",
            "etag": "dd54826b1d309f80562cc19725d6edca",
            "force_destroy": false,
            "id": "index.html",
            "key": "index.html",
            "kms_key_id": null,
            "metadata": null,
            "object_lock_legal_hold_status": "",
            "object_lock_mode": "",
            "object_lock_retain_until_date": "",
            "server_side_encryption": "AES256",
            "source": "build/index.html",
            "source_hash": null,
            "storage_class": "STANDARD",
            "tags": null,
            "tags_all": {},
            "version_id": "",
            "website_redirect": ""
          },
          "sensitive_attributes": [],
          "private": "bnVsbA==",
          "dependencies": [
            "aws_s3_bucket.s3_bucket"
          ]
        },
        {
          "index_key": "logo192.png",
          "schema_version": 0,
          "attributes": {
            "acl": null,
            "bucket": "shishapangma-front-end",
            "bucket_key_enabled": false,
            "cache_control": "",
            "content": null,
            "content_base64": null,
            "content_disposition": "",
            "content_encoding": "",
            "content_language": "",
            "content_type": "image/png",
            "etag": "33dbdd0177549353eeeb785d02c294af",
            "force_destroy": false,
            "id": "logo192.png",
            "key": "logo192.png",
            "kms_key_id": null,
            "metadata": null,
            "object_lock_legal_hold_status": "",
            "object_lock_mode": "",
            "object_lock_retain_until_date": "",
            "server_side_encryption": "AES256",
            "source": "build/logo192.png",
            "source_hash": null,
            "storage_class": "STANDARD",
            "tags": null,
            "tags_all": {},
            "version_id": "",
            "website_redirect": ""
          },
          "sensitive_attributes": [],
          "private": "bnVsbA==",
          "dependencies": [
            "aws_s3_bucket.s3_bucket"
          ]
        },
        {
          "index_key": "logo512.png",
          "schema_version": 0,
          "attributes": {
            "acl": null,
            "bucket": "shishapangma-front-end",
            "bucket_key_enabled": false,
            "cache_control": "",
            "content": null,
            "content_base64": null,
            "content_disposition": "",
            "content_encoding": "",
            "content_language": "",
            "content_type": "image/png",
            "etag": "917515db74ea8d1aee6a246cfbcc0b45",
            "force_destroy": false,
            "id": "logo512.png",
            "key": "logo512.png",
            "kms_key_id": null,
            "metadata": null,
            "object_lock_legal_hold_status": "",
            "object_lock_mode": "",
            "object_lock_retain_until_date": "",
            "server_side_encryption": "AES256",
            "source": "build/logo512.png",
            "source_hash": null,
            "storage_class": "STANDARD",
            "tags": null,
            "tags_all": {},
            "version_id": "",
            "website_redirect": ""
          },
          "sensitive_attributes": [],
          "private": "bnVsbA==",
          "dependencies": [
            "aws_s3_bucket.s3_bucket"
          ]
        },
        {
          "index_key": "manifest.json",
          "schema_version": 0,
          "attributes": {
            "acl": null,
            "bucket": "shishapangma-front-end",
            "bucket_key_enabled": false,
            "cache_control": "",
            "content": null,
            "content_base64": null,
            "content_disposition": "",
            "content_encoding": "",
            "content_language": "",
            "content_type": "application/json",
            "etag": "89be60895176466398d53bd4a693d9f6",
            "force_destroy": false,
            "id": "manifest.json",
            "key": "manifest.json",
            "kms_key_id": null,
            "metadata": null,
            "object_lock_legal_hold_status": "",
            "object_lock_mode": "",
            "object_lock_retain_until_date": "",
            "server_side_encryption": "AES256",
            "source": "build/manifest.json",
            "source_hash": null,
            "storage_class": "STANDARD",
            "tags": null,
            "tags_all": {},
            "version_id": "",
            "website_redirect": ""
          },
          "sensitive_attributes": [],
          "private": "bnVsbA==",
          "dependencies": [
            "aws_s3_bucket.s3_bucket"
          ]
        },
        {
          "index_key": "robots.txt",
          "schema_version": 0,
          "attributes": {
            "acl": null,
            "bucket": "shishapangma-front-end",
            "bucket_key_enabled": false,
            "cache_control": "",
            "content": null,
            "content_base64": null,
            "content_disposition": "",
            "content_encoding": "",
            "content_language": "",
            "content_type": "text/plain; charset=utf-8",
            "etag": "61c27d2cd39a713f7829422c3d9edcc7",
            "force_destroy": false,
            "id": "robots.txt",
            "key": "robots.txt",
            "kms_key_id": null,
            "metadata": null,
            "object_lock_legal_hold_status": "",
            "object_lock_mode": "",
            "object_lock_retain_until_date": "",
            "server_side_encryption": "AES256",
            "source": "build/robots.txt",
            "source_hash": null,
            "storage_class": "STANDARD",
            "tags": null,
            "tags_all": {},
            "version_id": "",
            "website_redirect": ""
          },
          "sensitive_attributes": [],
          "private": "bnVsbA==",
          "dependencies": [
            "aws_s3_bucket.s3_bucket"
          ]
        },
        {
          "index_key": "static/css/main.9523bff2.css",
          "schema_version": 0,
          "attributes": {
            "acl": null,
            "bucket": "shishapangma-front-end",
            "bucket_key_enabled": false,
            "cache_control": "",
            "content": null,
            "content_base64": null,
            "content_disposition": "",
            "content_encoding": "",
            "content_language": "",
            "content_type": "text/css; charset=utf-8",
            "etag": "e3978a8eece14cda62ae7c0f62b8e5fb",
            "force_destroy": false,
            "id": "static/css/main.9523bff2.css",
            "key": "static/css/main.9523bff2.css",
            "kms_key_id": null,
            "metadata": null,
            "object_lock_legal_hold_status": "",
            "object_lock_mode": "",
            "object_lock_retain_until_date": "",
            "server_side_encryption": "AES256",
            "source": "build/static/css/main.9523bff2.css",
            "source_hash": null,
            "storage_class": "STANDARD",
            "tags": null,
            "tags_all": {},
            "version_id": "",
            "website_redirect": ""
          },
          "sensitive_attributes": [],
          "private": "bnVsbA==",
          "dependencies": [
            "aws_s3_bucket.s3_bucket"
          ]
        },
        {
          "index_key": "static/css/main.9523bff2.css.map",
          "schema_version": 0,
          "attributes": {
            "acl": null,
            "bucket": "shishapangma-front-end",
            "bucket_key_enabled": false,
            "cache_control": "",
            "content": null,
            "content_base64": null,
            "content_disposition": "",
            "content_encoding": "",
            "content_language": "",
            "content_type": "application/octet-stream",
            "etag": "d4978b6de8b6ca11889471d8814232ff",
            "force_destroy": false,
            "id": "static/css/main.9523bff2.css.map",
            "key": "static/css/main.9523bff2.css.map",
            "kms_key_id": null,
            "metadata": null,
            "object_lock_legal_hold_status": "",
            "object_lock_mode": "",
            "object_lock_retain_until_date": "",
            "server_side_encryption": "AES256",
            "source": "build/static/css/main.9523bff2.css.map",
            "source_hash": null,
            "storage_class": "STANDARD",
            "tags": null,
            "tags_all": {},
            "version_id": "",
            "website_redirect": ""
          },
          "sensitive_attributes": [],
          "private": "bnVsbA==",
          "dependencies": [
            "aws_s3_bucket.s3_bucket"
          ]
        },
        {
          "index_key": "static/js/787.965b6de8.chunk.js",
          "schema_version": 0,
          "attributes": {
            "acl": null,
            "bucket": "shishapangma-front-end",
            "bucket_key_enabled": false,
            "cache_control": "",
            "content": null,
            "content_base64": null,
            "content_disposition": "",
            "content_encoding": "",
            "content_language": "",
            "content_type": "application/javascript",
            "etag": "40eb9c647e3aafba275840a7dcc5be91",
            "force_destroy": false,
            "id": "static/js/787.965b6de8.chunk.js",
            "key": "static/js/787.965b6de8.chunk.js",
            "kms_key_id": null,
            "metadata": null,
            "object_lock_legal_hold_status": "",
            "object_lock_mode": "",
            "object_lock_retain_until_date": "",
            "server_side_encryption": "AES256",
            "source": "build/static/js/787.965b6de8.chunk.js",
            "source_hash": null,
            "storage_class": "STANDARD",
            "tags": null,
            "tags_all": {},
            "version_id": "",
            "website_redirect": ""
          },
          "sensitive_attributes": [],
          "private": "bnVsbA==",
          "dependencies": [
            "aws_s3_bucket.s3_bucket"
          ]
        },
        {
          "index_key": "static/js/787.965b6de8.chunk.js.map",
          "schema_version": 0,
          "attributes": {
            "acl": null,
            "bucket": "shishapangma-front-end",
            "bucket_key_enabled": false,
            "cache_control": "",
            "content": null,
            "content_base64": null,
            "content_disposition": "",
            "content_encoding": "",
            "content_language": "",
            "content_type": "application/octet-stream",
            "etag": "8af2247e2735a0167cd2617d5d63ccdc",
            "force_destroy": false,
            "id": "static/js/787.965b6de8.chunk.js.map",
            "key": "static/js/787.965b6de8.chunk.js.map",
            "kms_key_id": null,
            "metadata": null,
            "object_lock_legal_hold_status": "",
            "object_lock_mode": "",
            "object_lock_retain_until_date": "",
            "server_side_encryption": "AES256",
            "source": "build/static/js/787.965b6de8.chunk.js.map",
            "source_hash": null,
            "storage_class": "STANDARD",
            "tags": null,
            "tags_all": {},
            "version_id": "",
            "website_redirect": ""
          },
          "sensitive_attributes": [],
          "private": "bnVsbA==",
          "dependencies": [
            "aws_s3_bucket.s3_bucket"
          ]
        },
        {
          "index_key": "static/js/main.160e9155.js",
          "schema_version": 0,
          "attributes": {
            "acl": null,
            "bucket": "shishapangma-front-end",
            "bucket_key_enabled": false,
            "cache_control": "",
            "content": null,
            "content_base64": null,
            "content_disposition": "",
            "content_encoding": "",
            "content_language": "",
            "content_type": "application/javascript",
            "etag": "81cff2765aa3c8e97244b22967214c9a",
            "force_destroy": false,
            "id": "static/js/main.160e9155.js",
            "key": "static/js/main.160e9155.js",
            "kms_key_id": null,
            "metadata": null,
            "object_lock_legal_hold_status": "",
            "object_lock_mode": "",
            "object_lock_retain_until_date": "",
            "server_side_encryption": "AES256",
            "source": "build/static/js/main.160e9155.js",
            "source_hash": null,
            "storage_class": "STANDARD",
            "tags": null,
            "tags_all": {},
            "version_id": "",
            "website_redirect": ""
          },
          "sensitive_attributes": [],
          "private": "bnVsbA==",
          "dependencies": [
            "aws_s3_bucket.s3_bucket"
          ]
        },
        {
          "index_key": "static/js/main.160e9155.js.LICENSE.txt",
          "schema_version": 0,
          "attributes": {
            "acl": null,
            "bucket": "shishapangma-front-end",
            "bucket_key_enabled": false,
            "cache_control": "",
            "content": null,
            "content_base64": null,
            "content_disposition": "",
            "content_encoding": "",
            "content_language": "",
            "content_type": "text/plain; charset=utf-8",
            "etag": "a3b6512a46d97162073c4293e6c49495",
            "force_destroy": false,
            "id": "static/js/main.160e9155.js.LICENSE.txt",
            "key": "static/js/main.160e9155.js.LICENSE.txt",
            "kms_key_id": null,
            "metadata": null,
            "object_lock_legal_hold_status": "",
            "object_lock_mode": "",
            "object_lock_retain_until_date": "",
            "server_side_encryption": "AES256",
            "source": "build/static/js/main.160e9155.js.LICENSE.txt",
            "source_hash": null,
            "storage_class": "STANDARD",
            "tags": null,
            "tags_all": {},
            "version_id": "",
            "website_redirect": ""
          },
          "sensitive_attributes": [],
          "private": "bnVsbA==",
          "dependencies": [
            "aws_s3_bucket.s3_bucket"
          ]
        },
        {
          "index_key": "static/js/main.160e9155.js.map",
          "schema_version": 0,
          "attributes": {
            "acl": null,
            "bucket": "shishapangma-front-end",
            "bucket_key_enabled": false,
            "cache_control": "",
            "content": null,
            "content_base64": null,
            "content_disposition": "",
            "content_encoding": "",
            "content_language": "",
            "content_type": "application/octet-stream",
            "etag": "86b1ea9be4a43b509415c172cdbbbceb",
            "force_destroy": false,
            "id": "static/js/main.160e9155.js.map",
            "key": "static/js/main.160e9155.js.map",
            "kms_key_id": null,
            "metadata": null,
            "object_lock_legal_hold_status": "",
            "object_lock_mode": "",
            "object_lock_retain_until_date": "",
            "server_side_encryption": "AES256",
            "source": "build/static/js/main.160e9155.js.map",
            "source_hash": null,
            "storage_class": "STANDARD",
            "tags": null,
            "tags_all": {},
            "version_id": "",
            "website_redirect": ""
          },
          "sensitive_attributes": [],
          "private": "bnVsbA==",
          "dependencies": [
            "aws_s3_bucket.s3_bucket"
          ]
        }
      ]
    }
  ],
  "check_results": null
}
